
Microsoft Visual Studio Solution File, Format Version 12.00
# Visual Studio Version 17
VisualStudioVersion = 17.7.34031.279
MinimumVisualStudioVersion = 10.0.40219.1
Project("{9A19103F-16F7-4668-BE54-9A1E7A4F7556}") = "testdocker", "testdocker\testdocker.csproj", "{9DF8395F-3D39-40DE-9B41-A4791E4E5798}"
EndProject
Project("{E53339B2-1760-4266-BCC7-CA923CBCF16C}") = "docker-compose", "docker-compose.dcproj", "{9C1337E0-0E03-423B-AE75-DE377B9EFC74}"
EndProject
Global
	GlobalSection(SolutionConfigurationPlatforms) = preSolution
		Debug|Any CPU = Debug|Any CPU
		Release|Any CPU = Release|Any CPU
	EndGlobalSection
	GlobalSection(ProjectConfigurationPlatforms) = postSolution
		{9DF8395F-3D39-40DE-9B41-A4791E4E5798}.Debug|Any CPU.ActiveCfg = Debug|Any CPU
		{9DF8395F-3D39-40DE-9B41-A4791E4E5798}.Debug|Any CPU.Build.0 = Debug|Any CPU
		{9DF8395F-3D39-40DE-9B41-A4791E4E5798}.Release|Any CPU.ActiveCfg = Release|Any CPU
		{9DF8395F-3D39-40DE-9B41-A4791E4E5798}.Release|Any CPU.Build.0 = Release|Any CPU
		{9C1337E0-0E03-423B-AE75-DE377B9EFC74}.Debug|Any CPU.ActiveCfg = Debug|Any CPU
		{9C1337E0-0E03-423B-AE75-DE377B9EFC74}.Debug|Any CPU.Build.0 = Debug|Any CPU
		{9C1337E0-0E03-423B-AE75-DE377B9EFC74}.Release|Any CPU.ActiveCfg = Release|Any CPU
		{9C1337E0-0E03-423B-AE75-DE377B9EFC74}.Release|Any CPU.Build.0 = Release|Any CPU
	EndGlobalSection
	GlobalSection(SolutionProperties) = preSolution
		HideSolutionNode = FALSE
	EndGlobalSection
	GlobalSection(ExtensibilityGlobals) = postSolution
		SolutionGuid = {FB0A4E96-2A22-4C67-8424-AFD623175AC1}
	EndGlobalSection
EndGlobal
